
Microsoft Visual Studio Solution File, Format Version 12.00
# Visual Studio 14
VisualStudioVersion = 14.0.25420.1
MinimumVisualStudioVersion = 10.0.40219.1
Project("{FAE04EC0-301F-11D3-BF4B-00C04F79EFBC}") = "WebDemo", "WebDemo\WebDemo.csproj", "{1502DA41-B897-4CFD-9AE8-B55D80B8E2A2}"
EndProject
Project("{FAE04EC0-301F-11D3-BF4B-00C04F79EFBC}") = "WebDemo.Test", "WebDemo.Test\WebDemo.Test.csproj", "{6E3F22D1-ACE3-48FE-B5EC-436964CAE39B}"
EndProject
Global
	GlobalSection(SolutionConfigurationPlatforms) = preSolution
		Debug|Any CPU = Debug|Any CPU
		Release|Any CPU = Release|Any CPU
	EndGlobalSection
	GlobalSection(ProjectConfigurationPlatforms) = postSolution
		{1502DA41-B897-4CFD-9AE8-B55D80B8E2A2}.Debug|Any CPU.ActiveCfg = Debug|Any CPU
		{1502DA41-B897-4CFD-9AE8-B55D80B8E2A2}.Debug|Any CPU.Build.0 = Debug|Any CPU
		{1502DA41-B897-4CFD-9AE8-B55D80B8E2A2}.Release|Any CPU.ActiveCfg = Release|Any CPU
		{1502DA41-B897-4CFD-9AE8-B55D80B8E2A2}.Release|Any CPU.Build.0 = Release|Any CPU
		{6E3F22D1-ACE3-48FE-B5EC-436964CAE39B}.Debug|Any CPU.ActiveCfg = Debug|Any CPU
		{6E3F22D1-ACE3-48FE-B5EC-436964CAE39B}.Debug|Any CPU.Build.0 = Debug|Any CPU
		{6E3F22D1-ACE3-48FE-B5EC-436964CAE39B}.Release|Any CPU.ActiveCfg = Release|Any CPU
		{6E3F22D1-ACE3-48FE-B5EC-436964CAE39B}.Release|Any CPU.Build.0 = Release|Any CPU
	EndGlobalSection
	GlobalSection(SolutionProperties) = preSolution
		HideSolutionNode = FALSE
	EndGlobalSection
EndGlobal
